// !$*UTF8*$!
{
	archiveVersion = 1;
	classes = {
	};
	objectVersion = 46;
	objects = {

/* Begin PBXBuildFile section */
		D3FB41A41DB7BA8B001E278D /* main.m in Sources */ = {isa = PBXBuildFile; fileRef = D3FB41A31DB7BA8B001E278D /* main.m */; };
		D3FB41A71DB7BA8B001E278D /* AppDelegate.m in Sources */ = {isa = PBXBuildFile; fileRef = D3FB41A61DB7BA8B001E278D /* AppDelegate.m */; };
		D3FB41AA1DB7BA8C001E278D /* ViewController.m in Sources */ = {isa = PBXBuildFile; fileRef = D3FB41A91DB7BA8C001E278D /* ViewController.m */; };
		D3FB41AD1DB7BA8C001E278D /* Main.storyboard in Resources */ = {isa = PBXBuildFile; fileRef = D3FB41AB1DB7BA8C001E278D /* Main.storyboard */; };
		D3FB41AF1DB7BA8C001E278D /* Assets.xcassets in Resources */ = {isa = PBXBuildFile; fileRef = D3FB41AE1DB7BA8C001E278D /* Assets.xcassets */; };
		D3FB41B21DB7BA8C001E278D /* LaunchScreen.storyboard in Resources */ = {isa = PBXBuildFile; fileRef = D3FB41B01DB7BA8C001E278D /* LaunchScreen.storyboard */; };
/* End PBXBuildFile section */

/* Begin PBXFileReference section */
		D3FB419F1DB7BA8B001E278D /* AcuityWebview.app */ = {isa = PBXFileReference; explicitFileType = wrapper.application; includeInIndex = 0; path = AcuityWebview.app; sourceTree = BUILT_PRODUCTS_DIR; };
		D3FB41A31DB7BA8B001E278D /* main.m */ = {isa = PBXFileReference; lastKnownFileType = sourcecode.c.objc; path = main.m; sourceTree = "<group>"; };
		D3FB41A51DB7BA8B001E278D /* AppDelegate.h */ = {isa = PBXFileReference; lastKnownFileType = sourcecode.c.h; path = AppDelegate.h; sourceTree = "<group>"; };
		D3FB41A61DB7BA8B001E278D /* AppDelegate.m */ = {isa = PBXFileReference; lastKnownFileType = sourcecode.c.objc; path = AppDelegate.m; sourceTree = "<group>"; };
		D3FB41A81DB7BA8C001E278D /* ViewController.h */ = {isa = PBXFileReference; lastKnownFileType = sourcecode.c.h; path = ViewController.h; sourceTree = "<group>"; };
		D3FB41A91DB7BA8C001E278D /* ViewController.m */ = {isa = PBXFileReference; lastKnownFileType = sourcecode.c.objc; path = ViewController.m; sourceTree = "<group>"; };
		D3FB41AC1DB7BA8C001E278D /* Base */ = {isa = PBXFileReference; lastKnownFileType = file.storyboard; name = Base; path = Base.lproj/Main.storyboard; sourceTree = "<group>"; };
		D3FB41AE1DB7BA8C001E278D /* Assets.xcassets */ = {isa = PBXFileReference; lastKnownFileType = folder.assetcatalog; path = Assets.xcassets; sourceTree = "<group>"; };
		D3FB41B11DB7BA8C001E278D /* Base */ = {isa = PBXFileReference; lastKnownFileType = file.storyboard; name = Base; path = Base.lproj/LaunchScreen.storyboard; sourceTree = "<group>"; };
		D3FB41B31DB7BA8C001E278D /* Info.plist */ = {isa = PBXFileReference; lastKnownFileType = text.plist.xml; path = Info.plist; sourceTree = "<group>"; };
/* End PBXFileReference section */

/* Begin PBXFrameworksBuildPhase section */
		D3FB419C1DB7BA8B001E278D /* Frameworks */ = {
			isa = PBXFrameworksBuildPhase;
			buildActionMask = 2147483647;
			files = (
			);
			runOnlyForDeploymentPostprocessing = 0;
		};
/* End PBXFrameworksBuildPhase section */

/* Begin PBXGroup section */
		D3FB41961DB7BA8B001E278D = {
			isa = PBXGroup;
			children = (
				D3FB41A11DB7BA8B001E278D /* AcuityWebview */,
				D3FB41A01DB7BA8B001E278D /* Products */,
			);
			sourceTree = "<group>";
		};
		D3FB41A01DB7BA8B001E278D /* Products */ = {
			isa = PBXGroup;
			children = (
				D3FB419F1DB7BA8B001E278D /* AcuityWebview.app */,
			);
			name = Products;
			sourceTree = "<group>";
		};
		D3FB41A11DB7BA8B001E278D /* AcuityWebview */ = {
			isa = PBXGroup;
			children = (
				D3FB41A51DB7BA8B001E278D /* AppDelegate.h */,
				D3FB41A61DB7BA8B001E278D /* AppDelegate.m */,
				D3FB41A81DB7BA8C001E278D /* ViewController.h */,
				D3FB41A91DB7BA8C001E278D /* ViewController.m */,
				D3FB41AB1DB7BA8C001E278D /* Main.storyboard */,
				D3FB41AE1DB7BA8C001E278D /* Assets.xcassets */,
				D3FB41B01DB7BA8C001E278D /* LaunchScreen.storyboard */,
				D3FB41B31DB7BA8C001E278D /* Info.plist */,
				D3FB41A21DB7BA8B001E278D /* Supporting Files */,
			);
			path = AcuityWebview;
			sourceTree = "<group>";
		};
		D3FB41A21DB7BA8B001E278D /* Supporting Files */ = {
			isa = PBXGroup;
			children = (
				D3FB41A31DB7BA8B001E278D /* main.m */,
			);
			name = "Supporting Files";
			sourceTree = "<group>";
		};
/* End PBXGroup section */

/* Begin PBXNativeTarget section */
		D3FB419E1DB7BA8B001E278D /* AcuityWebview */ = {
			isa = PBXNativeTarget;
			buildConfigurationList = D3FB41B61DB7BA8C001E278D /* Build configuration list for PBXNativeTarget "AcuityWebview" */;
			buildPhases = (
				D3FB419B1DB7BA8B001E278D /* Sources */,
				D3FB419C1DB7BA8B001E278D /* Frameworks */,
				D3FB419D1DB7BA8B001E278D /* Resources */,
			);
			buildRules = (
			);
			dependencies = (
			);
			name = AcuityWebview;
			productName = AcuityWebview;
			productReference = D3FB419F1DB7BA8B001E278D /* AcuityWebview.app */;
			productType = "com.apple.product-type.application";
		};
/* End PBXNativeTarget section */

/* Begin PBXProject section */
		D3FB41971DB7BA8B001E278D /* Project object */ = {
			isa = PBXProject;
			attributes = {
				LastUpgradeCheck = 0800;
				ORGANIZATIONNAME = "Dynopia Software LTD";
				TargetAttributes = {
					D3FB419E1DB7BA8B001E278D = {
						CreatedOnToolsVersion = 8.0;
						ProvisioningStyle = Automatic;
					};
				};
			};
			buildConfigurationList = D3FB419A1DB7BA8B001E278D /* Build configuration list for PBXProject "AcuityWebview" */;
			compatibilityVersion = "Xcode 3.2";
			developmentRegion = English;
			hasScannedForEncodings = 0;
			knownRegions = (
				en,
				Base,
			);
			mainGroup = D3FB41961DB7BA8B001E278D;
			productRefGroup = D3FB41A01DB7BA8B001E278D /* Products */;
			projectDirPath = "";
			projectRoot = "";
			targets = (
				D3FB419E1DB7BA8B001E278D /* AcuityWebview */,
			);
		};
/* End PBXProject section */

/* Begin PBXResourcesBuildPhase section */
		D3FB419D1DB7BA8B001E278D /* Resources */ = {
			isa = PBXResourcesBuildPhase;
			buildActionMask = 2147483647;
			files = (
				D3FB41B21DB7BA8C001E278D /* LaunchScreen.storyboard in Resources */,
				D3FB41AF1DB7BA8C001E278D /* Assets.xcassets in Resources */,
				D3FB41AD1DB7BA8C001E278D /* Main.storyboard in Resources */,
			);
			runOnlyForDeploymentPostprocessing = 0;
		};
/* End PBXResourcesBuildPhase section */

/* Begin PBXSourcesBuildPhase section */
		D3FB419B1DB7BA8B001E278D /* Sources */ = {
			isa = PBXSourcesBuildPhase;
			buildActionMask = 2147483647;
			files = (
				D3FB41AA1DB7BA8C001E278D /* ViewController.m in Sources */,
				D3FB41A71DB7BA8B001E278D /* AppDelegate.m in Sources */,
				D3FB41A41DB7BA8B001E278D /* main.m in Sources */,
			);
			runOnlyForDeploymentPostprocessing = 0;
		};
/* End PBXSourcesBuildPhase section */

/* Begin PBXVariantGroup section */
		D3FB41AB1DB7BA8C001E278D /* Main.storyboard */ = {
			isa = PBXVariantGroup;
			children = (
				D3FB41AC1DB7BA8C001E278D /* Base */,
			);
			name = Main.storyboard;
			sourceTree = "<group>";
		};
		D3FB41B01DB7BA8C001E278D /* LaunchScreen.storyboard */ = {
			isa = PBXVariantGroup;
			children = (
				D3FB41B11DB7BA8C001E278D /* Base */,
			);
			name = LaunchScreen.storyboard;
			sourceTree = "<group>";
		};
/* End PBXVariantGroup section */

/* Begin XCBuildConfiguration section */
		D3FB41B41DB7BA8C001E278D /* Debug */ = {
			isa = XCBuildConfiguration;
			buildSettings = {
				ALWAYS_SEARCH_USER_PATHS = NO;
				CLANG_ANALYZER_NONNULL = YES;
				CLANG_CXX_LANGUAGE_STANDARD = "gnu++0x";
				CLANG_CXX_LIBRARY = "libc++";
				CLANG_ENABLE_MODULES = YES;
				CLANG_ENABLE_OBJC_ARC = YES;
				CLANG_WARN_BOOL_CONVERSION = YES;
				CLANG_WARN_CONSTANT_CONVERSION = YES;
				CLANG_WARN_DIRECT_OBJC_ISA_USAGE = YES_ERROR;
				CLANG_WARN_DOCUMENTATION_COMMENTS = YES;
				CLANG_WARN_EMPTY_BODY = YES;
				CLANG_WARN_ENUM_CONVERSION = YES;
				CLANG_WARN_INFINITE_RECURSION = YES;
				CLANG_WARN_INT_CONVERSION = YES;
				CLANG_WARN_OBJC_ROOT_CLASS = YES_ERROR;
				CLANG_WARN_SUSPICIOUS_MOVES = YES;
				CLANG_WARN_UNREACHABLE_CODE = YES;
				CLANG_WARN__DUPLICATE_METHOD_MATCH = YES;
				"CODE_SIGN_IDENTITY[sdk=iphoneos*]" = "iPhone Developer";
				COPY_PHASE_STRIP = NO;
				DEBUG_INFORMATION_FORMAT = dwarf;
				ENABLE_STRICT_OBJC_MSGSEND = YES;
				ENABLE_TESTABILITY = YES;
				GCC_C_LANGUAGE_STANDARD = gnu99;
				GCC_DYNAMIC_NO_PIC = NO;
				GCC_NO_COMMON_BLOCKS = YES;
				GCC_OPTIMIZATION_LEVEL = 0;
				GCC_PREPROCESSOR_DEFINITIONS = (
					"DEBUG=1",
					"$(inherited)",
				);
				GCC_WARN_64_TO_32_BIT_CONVERSION = YES;
				GCC_WARN_ABOUT_RETURN_TYPE = YES_ERROR;
				GCC_WARN_UNDECLARED_SELECTOR = YES;
				GCC_WARN_UNINITIALIZED_AUTOS = YES_AGGRESSIVE;
				GCC_WARN_UNUSED_FUNCTION = YES;
				GCC_WARN_UNUSED_VARIABLE = YES;
				IPHONEOS_DEPLOYMENT_TARGET = 10.0;
				MTL_ENABLE_DEBUG_INFO = YES;
				ONLY_ACTIVE_ARCH = YES;
				SDKROOT = iphoneos;
				TARGETED_DEVICE_FAMILY = "1,2";
			};
			name = Debug;
		};
		D3FB41B51DB7BA8C001E278D /* Release */ = {
			isa = XCBuildConfiguration;
			buildSettings = {
				ALWAYS_SEARCH_USER_PATHS = NO;
				CLANG_ANALYZER_NONNULL = YES;
				CLANG_CXX_LANGUAGE_STANDARD = "gnu++0x";
				CLANG_CXX_LIBRARY = "libc++";
				CLANG_ENABLE_MODULES = YES;
				CLANG_ENABLE_OBJC_ARC = YES;
				CLANG_WARN_BOOL_CONVERSION = YES;
				CLANG_WARN_CONSTANT_CONVERSION = YES;
				CLANG_WARN_DIRECT_OBJC_ISA_USAGE = YES_ERROR;
				CLANG_WARN_DOCUMENTATION_COMMENTS = YES;
				CLANG_WARN_EMPTY_BODY = YES;
				CLANG_WARN_ENUM_CONVERSION = YES;
				CLANG_WARN_INFINITE_RECURSION = YES;
				CLANG_WARN_INT_CONVERSION = YES;
				CLANG_WARN_OBJC_ROOT_CLASS = YES_ERROR;
				CLANG_WARN_SUSPICIOUS_MOVES = YES;
				CLANG_WARN_UNREACHABLE_CODE = YES;
				CLANG_WARN__DUPLICATE_METHOD_MATCH = YES;
				"CODE_SIGN_IDENTITY[sdk=iphoneos*]" = "iPhone Developer";
				COPY_PHASE_STRIP = NO;
				DEBUG_INFORMATION_FORMAT = "dwarf-with-dsym";
				ENABLE_NS_ASSERTIONS = NO;
				ENABLE_STRICT_OBJC_MSGSEND = YES;
				GCC_C_LANGUAGE_STANDARD = gnu99;
				GCC_NO_COMMON_BLOCKS = YES;
				GCC_WARN_64_TO_32_BIT_CONVERSION = YES;
				GCC_WARN_ABOUT_RETURN_TYPE = YES_ERROR;
				GCC_WARN_UNDECLARED_SELECTOR = YES;
				GCC_WARN_UNINITIALIZED_AUTOS = YES_AGGRESSIVE;
				GCC_WARN_UNUSED_FUNCTION = YES;
				GCC_WARN_UNUSED_VARIABLE = YES;
				IPHONEOS_DEPLOYMENT_TARGET = 10.0;
				MTL_ENABLE_DEBUG_INFO = NO;
				SDKROOT = iphoneos;
				TARGETED_DEVICE_FAMILY = "1,2";
				VALIDATE_PRODUCT = YES;
			};
			name = Release;
		};
		D3FB41B71DB7BA8C001E278D /* Debug */ = {
			isa = XCBuildConfiguration;
			buildSettings = {
				ASSETCATALOG_COMPILER_APPICON_NAME = AppIcon;
				DEVELOPMENT_TEAM = "";
				INFOPLIST_FILE = AcuityWebview/Info.plist;
				LD_RUNPATH_SEARCH_PATHS = "$(inherited) @executable_path/Frameworks";
				PRODUCT_BUNDLE_IDENTIFIER = com.acuityscheduling.AcuityWebview;
				PRODUCT_NAME = "$(TARGET_NAME)";
			};
			name = Debug;
		};
		D3FB41B81DB7BA8C001E278D /* Release */ = {
			isa = XCBuildConfiguration;
			buildSettings = {
				ASSETCATALOG_COMPILER_APPICON_NAME = AppIcon;
				DEVELOPMENT_TEAM = "";
				INFOPLIST_FILE = AcuityWebview/Info.plist;
				LD_RUNPATH_SEARCH_PATHS = "$(inherited) @executable_path/Frameworks";
				PRODUCT_BUNDLE_IDENTIFIER = com.acuityscheduling.AcuityWebview;
				PRODUCT_NAME = "$(TARGET_NAME)";
			};
			name = Release;
		};
/* End XCBuildConfiguration section */

/* Begin XCConfigurationList section */
		D3FB419A1DB7BA8B001E278D /* Build configuration list for PBXProject "AcuityWebview" */ = {
			isa = XCConfigurationList;
			buildConfigurations = (
				D3FB41B41DB7BA8C001E278D /* Debug */,
				D3FB41B51DB7BA8C001E278D /* Release */,
			);
			defaultConfigurationIsVisible = 0;
			defaultConfigurationName = Release;
		};
		D3FB41B61DB7BA8C001E278D /* Build configuration list for PBXNativeTarget "AcuityWebview" */ = {
			isa = XCConfigurationList;
			buildConfigurations = (
				D3FB41B71DB7BA8C001E278D /* Debug */,
				D3FB41B81DB7BA8C001E278D /* Release */,
			);
			defaultConfigurationIsVisible = 0;
		};
/* End XCConfigurationList section */
	};
	rootObject = D3FB41971DB7BA8B001E278D /* Project object */;
}
